
Microsoft Visual Studio Solution File, Format Version 12.00
# Visual Studio Version 17
VisualStudioVersion = 17.5.33424.131
MinimumVisualStudioVersion = 10.0.40219.1
Project("{FAE04EC0-301F-11D3-BF4B-00C04F79EFBC}") = "SlackApp", "SlackApp\SlackApp.csproj", "{57D85FFD-8962-4420-8BC4-6FD293491A82}"
EndProject
Global
	GlobalSection(SolutionConfigurationPlatforms) = preSolution
		Debug|Any CPU = Debug|Any CPU
		Release|Any CPU = Release|Any CPU
	EndGlobalSection
	GlobalSection(ProjectConfigurationPlatforms) = postSolution
		{57D85FFD-8962-4420-8BC4-6FD293491A82}.Debug|Any CPU.ActiveCfg = Debug|Any CPU
		{57D85FFD-8962-4420-8BC4-6FD293491A82}.Debug|Any CPU.Build.0 = Debug|Any CPU
		{57D85FFD-8962-4420-8BC4-6FD293491A82}.Release|Any CPU.ActiveCfg = Release|Any CPU
		{57D85FFD-8962-4420-8BC4-6FD293491A82}.Release|Any CPU.Build.0 = Release|Any CPU
	EndGlobalSection
	GlobalSection(SolutionProperties) = preSolution
		HideSolutionNode = FALSE
	EndGlobalSection
	GlobalSection(ExtensibilityGlobals) = postSolution
		SolutionGuid = {1A021D9A-B442-4D94-AE43-5B9F1AA3D8ED}
	EndGlobalSection
EndGlobal
